{
  "nodes": {
    "chainsaw": {
      "inputs": {
        "nixpkgs": [
          "nixpkgs"
        ]
      },
      "locked": {
        "lastModified": 1713202051,
        "narHash": "sha256-Uijbe4m5BpR2y6v6w9tsrOg2pd3XBL69h+l/W5sGx3Q=",
        "owner": "WithSecureLabs",
        "repo": "chainsaw",
        "rev": "3b2a9eb409d73b89fb51bf4122333ad1484091e8",
        "type": "github"
      },
      "original": {
        "owner": "WithSecureLabs",
        "repo": "chainsaw",
        "type": "github"
      }
    },
    "hackpkgs": {
      "inputs": {
        "flake-utils": [
          "utils"
        ],
        "nixpkgs": [
          "nixpkgs"
        ]
      },
      "locked": {
        "lastModified": 1658745217,
        "narHash": "sha256-VyP2WOYmMZG5zmysQWDAXri8H1KwIQ0c+YU9eRiKjc0=",
        "owner": "applePrincess",
        "repo": "hackpkgs",
        "rev": "dd31e977fb99a6f7226954d2cb1d6f48869d8a55",
        "type": "github"
      },
      "original": {
        "owner": "applePrincess",
        "repo": "hackpkgs",
        "type": "github"
      }
    },
    "nixpkgs": {
      "locked": {
        "lastModified": 1714314149,
        "narHash": "sha256-yNAevSKF4krRWacmLUsLK7D7PlfuY3zF0lYnGYNi9vQ=",
        "owner": "NixOS",
        "repo": "nixpkgs",
        "rev": "cf8cc1201be8bc71b7cbbbdaf349b22f4f99c7ae",
        "type": "github"
      },
      "original": {
        "owner": "NixOS",
        "ref": "nixpkgs-unstable",
        "repo": "nixpkgs",
        "type": "github"
      }
    },
    "root": {
      "inputs": {
        "chainsaw": "chainsaw",
        "hackpkgs": "hackpkgs",
        "nixpkgs": "nixpkgs",
        "utils": "utils"
      }
    },
    "systems": {
      "locked": {
        "lastModified": 1681028828,
        "narHash": "sha256-Vy1rq5AaRuLzOxct8nz4T6wlgyUR7zLU309k9mBC768=",
        "owner": "nix-systems",
        "repo": "default",
        "rev": "da67096a3b9bf56a91d16901293e51ba5b49a27e",
        "type": "github"
      },
      "original": {
        "owner": "nix-systems",
        "repo": "default",
        "type": "github"
      }
    },
    "utils": {
      "inputs": {
        "systems": "systems"
      },
      "locked": {
        "lastModified": 1710146030,
        "narHash": "sha256-SZ5L6eA7HJ/nmkzGG7/ISclqe6oZdOZTNoesiInkXPQ=",
        "owner": "numtide",
        "repo": "flake-utils",
        "rev": "b1d9ab70662946ef0850d488da1c9019f3a9752a",
        "type": "github"
      },
      "original": {
        "owner": "numtide",
        "repo": "flake-utils",
        "type": "github"
      }
    }
  },
  "root": "root",
  "version": 7
}
